# This file is @generated by PDM.
# It is not intended for manual editing.

[metadata]
groups = ["default", "dev"]
strategy = ["cross_platform", "inherit_metadata"]
lock_version = "4.4.1"
content_hash = "sha256:8b1f627242dfabca4a32ffd4364c7c3905e77992fc0bfff5b6b95d4d028680be"

[[package]]
name = "greet-cli"
version = "0.0.0"
requires_python = "==3.12.*"
editable = true
path = "./greet-cli"
summary = ""
groups = ["dev"]
dependencies = [
    "greet-lib",
]

[[package]]
name = "greet-lib"
version = "0.1.0"
requires_python = "==3.12.*"
editable = true
path = "./packages/greet-lib"
summary = ""
groups = ["dev"]
